# @generated - this file is auto-generated by `mise lock` https://mise.jdx.dev/dev-tools/mise-lock.html

lockfile_version = 3

[[tools.mr-boxington]]
version = "1.14.0"
backend = "packslip:github.com/jdx/mr-boxington"
specifiers = ["1.14.0"]

[tools.mr-boxington."platforms.windows-x64"]
checksum = "sha256:5d102168bd30ac480da37b663edde883501aee4778bd757a547773d36cbcabfe"
url = "https://github.com/jdx/mr-boxington/releases/download/v1.14.0/mbx-x86_64-pc-windows-msvc.zip"
signer = "sigstore-oidc:https://github.com/jdx/mr-boxington/.github/workflows/release.yml"
repository_ids = { repository = "1340721957" }

[[tools.rust]]
version = "nightly-2026-10-07"
backend = "core:rust"
specifiers = ["nightly"]

[tools.rust.options]
profile = "minimal"

[[tools.rust]]
version = "stable"
backend = "core:rust"
specifiers = ["stable"]

[tools.rust.options]
components = "clippy,rustfmt"
profile = "minimal"
